
Microsoft Visual Studio Solution File, Format Version 12.00
# Visual Studio Version 17
VisualStudioVersion = 17.3.32901.215
MinimumVisualStudioVersion = 10.0.40219.1
Project("{FAE04EC0-301F-11D3-BF4B-00C04F79EFBC}") = "ArcDock", "ArcDock\ArcDock.csproj", "{C212C1CE-A2C5-4C1A-A450-19F5259A321A}"
EndProject
Project("{9A19103F-16F7-4668-BE54-9A1E7A4F7556}") = "AutoCompleteTextBox", "AutoCompleteTextBox\AutoCompleteTextBox.csproj", "{146AD313-8F4A-48D5-AAC0-20B89076C831}"
EndProject
Global
	GlobalSection(SolutionConfigurationPlatforms) = preSolution
		All|Any CPU = All|Any CPU
		Debug|Any CPU = Debug|Any CPU
		Release|Any CPU = Release|Any CPU
	EndGlobalSection
	GlobalSection(ProjectConfigurationPlatforms) = postSolution
		{C212C1CE-A2C5-4C1A-A450-19F5259A321A}.All|Any CPU.ActiveCfg = Release|Any CPU
		{C212C1CE-A2C5-4C1A-A450-19F5259A321A}.All|Any CPU.Build.0 = Release|Any CPU
		{C212C1CE-A2C5-4C1A-A450-19F5259A321A}.Debug|Any CPU.ActiveCfg = Debug|Any CPU
		{C212C1CE-A2C5-4C1A-A450-19F5259A321A}.Debug|Any CPU.Build.0 = Debug|Any CPU
		{C212C1CE-A2C5-4C1A-A450-19F5259A321A}.Release|Any CPU.ActiveCfg = Release|Any CPU
		{C212C1CE-A2C5-4C1A-A450-19F5259A321A}.Release|Any CPU.Build.0 = Release|Any CPU
		{146AD313-8F4A-48D5-AAC0-20B89076C831}.All|Any CPU.ActiveCfg = Release|Any CPU
		{146AD313-8F4A-48D5-AAC0-20B89076C831}.All|Any CPU.Build.0 = Release|Any CPU
		{146AD313-8F4A-48D5-AAC0-20B89076C831}.Debug|Any CPU.ActiveCfg = Debug|Any CPU
		{146AD313-8F4A-48D5-AAC0-20B89076C831}.Debug|Any CPU.Build.0 = Debug|Any CPU
		{146AD313-8F4A-48D5-AAC0-20B89076C831}.Release|Any CPU.ActiveCfg = Release|Any CPU
		{146AD313-8F4A-48D5-AAC0-20B89076C831}.Release|Any CPU.Build.0 = Release|Any CPU
	EndGlobalSection
	GlobalSection(SolutionProperties) = preSolution
		HideSolutionNode = FALSE
	EndGlobalSection
	GlobalSection(ExtensibilityGlobals) = postSolution
		SolutionGuid = {03EB1A11-2120-4F2B-AA86-69FD4CEA629B}
	EndGlobalSection
EndGlobal
